{
  "version": 4,
  "terraform_version": "1.14.8",
  "serial": 35,
  "lineage": "f81e0364-9899-39f4-f2f8-e03225c8f729",
  "outputs": {},
  "resources": [
    {
      "mode": "data",
      "type": "azurerm_client_config",
      "name": "current",
      "provider": "provider[\"registry.terraform.io/hashicorp/azurerm\"]",
      "instances": [
        {
          "schema_version": 0,
          "attributes": {
            "client_id": "04b07795-8ddb-461a-bbee-02f9e1bf7b46",
            "id": "Y2xpZW50Q29uZmlncy9jbGllbnRJZD0wNGIwNzc5NS04ZGRiLTQ2MWEtYmJlZS0wMmY5ZTFiZjdiNDY7b2JqZWN0SWQ9MWQ0NDI5YWMtZmY1MC00ZWMzLWI3NDMtNzg3NjZmOGRmYjFhO3N1YnNjcmlwdGlvbklkPTE0ZDkzMGI3LTZkNWUtNDQ4Ni1hN2NkLWY4YmQxMThhMDAyMDt0ZW5hbnRJZD0wYWU4NmE4OC1lOTkzLTQ4NTAtOWRiMi0xZmYxODg0ZjljOGE=",
            "object_id": "1d4429ac-ff50-4ec3-b743-78766f8dfb1a",
            "subscription_id": "14d930b7-6d5e-4486-a7cd-f8bd118a0020",
            "tenant_id": "0ae86a88-e993-4850-9db2-1ff1884f9c8a",
            "timeouts": null
          },
          "sensitive_attributes": [],
          "identity_schema_version": 0
        }
      ]
    },
    {
      "mode": "managed",
      "type": "azurerm_key_vault",
      "name": "kv",
      "provider": "provider[\"registry.terraform.io/hashicorp/azurerm\"]",
      "instances": [
        {
          "schema_version": 2,
          "attributes": {
            "access_policy": [],
            "contact": [],
            "enable_rbac_authorization": false,
            "enabled_for_deployment": false,
            "enabled_for_disk_encryption": true,
            "enabled_for_template_deployment": false,
            "id": "/subscriptions/14d930b7-6d5e-4486-a7cd-f8bd118a0020/resourceGroups/rg-proiect-dragos-pana/providers/Microsoft.KeyVault/vaults/kv-proiect-dragos-2026",
            "location": "swedencentral",
            "name": "kv-proiect-dragos-2026",
            "network_acls": [
              {
                "bypass": "AzureServices",
                "default_action": "Allow",
                "ip_rules": [],
                "virtual_network_subnet_ids": []
              }
            ],
            "public_network_access_enabled": false,
            "purge_protection_enabled": false,
            "resource_group_name": "rg-proiect-dragos-pana",
            "sku_name": "standard",
            "soft_delete_retention_days": 90,
            "tags": {
              "CostCenter": "CC-1234",
              "Departament": "IT-Securitate",
              "Owner": "Dragos Pana"
            },
            "tenant_id": "0ae86a88-e993-4850-9db2-1ff1884f9c8a",
            "timeouts": null,
            "vault_uri": "https://kv-proiect-dragos-2026.vault.azure.net/"
          },
          "sensitive_attributes": [],
          "identity_schema_version": 0,
          "private": "eyJlMmJmYjczMC1lY2FhLTExZTYtOGY4OC0zNDM2M2JjN2M0YzAiOnsiY3JlYXRlIjoxODAwMDAwMDAwMDAwLCJkZWxldGUiOjE4MDAwMDAwMDAwMDAsInJlYWQiOjMwMDAwMDAwMDAwMCwidXBkYXRlIjoxODAwMDAwMDAwMDAwfSwic2NoZW1hX3ZlcnNpb24iOiIyIn0=",
          "dependencies": [
            "azurerm_resource_group.rg",
            "data.azurerm_client_config.current"
          ]
        }
      ]
    },
    {
      "mode": "managed",
      "type": "azurerm_network_security_group",
      "name": "nsg",
      "provider": "provider[\"registry.terraform.io/hashicorp/azurerm\"]",
      "instances": [
        {
          "schema_version": 0,
          "attributes": {
            "id": "/subscriptions/14d930b7-6d5e-4486-a7cd-f8bd118a0020/resourceGroups/rg-proiect-dragos-pana/providers/Microsoft.Network/networkSecurityGroups/nsg-securitate-critica",
            "location": "swedencentral",
            "name": "nsg-securitate-critica",
            "resource_group_name": "rg-proiect-dragos-pana",
            "security_rule": [
              {
                "access": "Allow",
                "description": "",
                "destination_address_prefix": "*",
                "destination_address_prefixes": [],
                "destination_application_security_group_ids": [],
                "destination_port_range": "22",
                "destination_port_ranges": [],
                "direction": "Inbound",
                "name": "AllowSSH_All",
                "priority": 100,
                "protocol": "Tcp",
                "source_address_prefix": "82.210.140.50/32",
                "source_address_prefixes": [],
                "source_application_security_group_ids": [],
                "source_port_range": "*",
                "source_port_ranges": []
              }
            ],
            "tags": null,
            "timeouts": null
          },
          "sensitive_attributes": [],
          "identity_schema_version": 0,
          "private": "eyJlMmJmYjczMC1lY2FhLTExZTYtOGY4OC0zNDM2M2JjN2M0YzAiOnsiY3JlYXRlIjoxODAwMDAwMDAwMDAwLCJkZWxldGUiOjE4MDAwMDAwMDAwMDAsInJlYWQiOjMwMDAwMDAwMDAwMCwidXBkYXRlIjoxODAwMDAwMDAwMDAwfX0=",
          "dependencies": [
            "azurerm_resource_group.rg"
          ]
        }
      ]
    },
    {
      "mode": "managed",
      "type": "azurerm_resource_group",
      "name": "rg",
      "provider": "provider[\"registry.terraform.io/hashicorp/azurerm\"]",
      "instances": [
        {
          "schema_version": 0,
          "attributes": {
            "id": "/subscriptions/14d930b7-6d5e-4486-a7cd-f8bd118a0020/resourceGroups/rg-proiect-dragos-pana",
            "location": "swedencentral",
            "managed_by": "",
            "name": "rg-proiect-dragos-pana",
            "tags": {
              "Owner": "Dragos Pana"
            },
            "timeouts": null
          },
          "sensitive_attributes": [],
          "identity_schema_version": 0,
          "private": "eyJlMmJmYjczMC1lY2FhLTExZTYtOGY4OC0zNDM2M2JjN2M0YzAiOnsiY3JlYXRlIjo1NDAwMDAwMDAwMDAwLCJkZWxldGUiOjU0MDAwMDAwMDAwMDAsInJlYWQiOjMwMDAwMDAwMDAwMCwidXBkYXRlIjo1NDAwMDAwMDAwMDAwfX0="
        }
      ]
    }
  ],
  "check_results": null
}
